
Microsoft Visual Studio Solution File, Format Version 12.00
# Visual Studio Version 17
VisualStudioVersion = 17.6.33712.159
MinimumVisualStudioVersion = 10.0.40219.1
Project("{9A19103F-16F7-4668-BE54-9A1E7A4F7556}") = "DataAccess", "DataAccess\DataAccess.csproj", "{CE217E84-BF58-49B7-BE08-1BFD5D394C58}"
EndProject
Project("{9A19103F-16F7-4668-BE54-9A1E7A4F7556}") = "Business", "Business\Business.csproj", "{7E34AA80-82D5-4D58-B496-D57F9F5F45A4}"
EndProject
Project("{9A19103F-16F7-4668-BE54-9A1E7A4F7556}") = "Entities", "Entities\Entities.csproj", "{7C57DCF1-B849-45EE-9F46-6DB9C1EC24E2}"
EndProject
Project("{9A19103F-16F7-4668-BE54-9A1E7A4F7556}") = "ConsoleUI", "ConsoleUI\ConsoleUI.csproj", "{874E3877-C733-4738-BE7E-0F57038293E1}"
EndProject
Project("{9A19103F-16F7-4668-BE54-9A1E7A4F7556}") = "Core", "Core\Core.csproj", "{38667728-6C02-4E74-B6FD-B966C60A863B}"
EndProject
Project("{9A19103F-16F7-4668-BE54-9A1E7A4F7556}") = "API", "API\API.csproj", "{03129F53-2729-417E-8876-389BBCFF48B7}"
EndProject
Global
	GlobalSection(SolutionConfigurationPlatforms) = preSolution
		Debug|Any CPU = Debug|Any CPU
		Release|Any CPU = Release|Any CPU
	EndGlobalSection
	GlobalSection(ProjectConfigurationPlatforms) = postSolution
		{CE217E84-BF58-49B7-BE08-1BFD5D394C58}.Debug|Any CPU.ActiveCfg = Debug|Any CPU
		{CE217E84-BF58-49B7-BE08-1BFD5D394C58}.Debug|Any CPU.Build.0 = Debug|Any CPU
		{CE217E84-BF58-49B7-BE08-1BFD5D394C58}.Release|Any CPU.ActiveCfg = Release|Any CPU
		{CE217E84-BF58-49B7-BE08-1BFD5D394C58}.Release|Any CPU.Build.0 = Release|Any CPU
		{7E34AA80-82D5-4D58-B496-D57F9F5F45A4}.Debug|Any CPU.ActiveCfg = Debug|Any CPU
		{7E34AA80-82D5-4D58-B496-D57F9F5F45A4}.Debug|Any CPU.Build.0 = Debug|Any CPU
		{7E34AA80-82D5-4D58-B496-D57F9F5F45A4}.Release|Any CPU.ActiveCfg = Release|Any CPU
		{7E34AA80-82D5-4D58-B496-D57F9F5F45A4}.Release|Any CPU.Build.0 = Release|Any CPU
		{7C57DCF1-B849-45EE-9F46-6DB9C1EC24E2}.Debug|Any CPU.ActiveCfg = Debug|Any CPU
		{7C57DCF1-B849-45EE-9F46-6DB9C1EC24E2}.Debug|Any CPU.Build.0 = Debug|Any CPU
		{7C57DCF1-B849-45EE-9F46-6DB9C1EC24E2}.Release|Any CPU.ActiveCfg = Release|Any CPU
		{7C57DCF1-B849-45EE-9F46-6DB9C1EC24E2}.Release|Any CPU.Build.0 = Release|Any CPU
		{874E3877-C733-4738-BE7E-0F57038293E1}.Debug|Any CPU.ActiveCfg = Debug|Any CPU
		{874E3877-C733-4738-BE7E-0F57038293E1}.Debug|Any CPU.Build.0 = Debug|Any CPU
		{874E3877-C733-4738-BE7E-0F57038293E1}.Release|Any CPU.ActiveCfg = Release|Any CPU
		{874E3877-C733-4738-BE7E-0F57038293E1}.Release|Any CPU.Build.0 = Release|Any CPU
		{38667728-6C02-4E74-B6FD-B966C60A863B}.Debug|Any CPU.ActiveCfg = Debug|Any CPU
		{38667728-6C02-4E74-B6FD-B966C60A863B}.Debug|Any CPU.Build.0 = Debug|Any CPU
		{38667728-6C02-4E74-B6FD-B966C60A863B}.Release|Any CPU.ActiveCfg = Release|Any CPU
		{38667728-6C02-4E74-B6FD-B966C60A863B}.Release|Any CPU.Build.0 = Release|Any CPU
		{03129F53-2729-417E-8876-389BBCFF48B7}.Debug|Any CPU.ActiveCfg = Debug|Any CPU
		{03129F53-2729-417E-8876-389BBCFF48B7}.Debug|Any CPU.Build.0 = Debug|Any CPU
		{03129F53-2729-417E-8876-389BBCFF48B7}.Release|Any CPU.ActiveCfg = Release|Any CPU
		{03129F53-2729-417E-8876-389BBCFF48B7}.Release|Any CPU.Build.0 = Release|Any CPU
	EndGlobalSection
	GlobalSection(SolutionProperties) = preSolution
		HideSolutionNode = FALSE
	EndGlobalSection
	GlobalSection(ExtensibilityGlobals) = postSolution
		SolutionGuid = {8D761876-5CA5-454A-A68E-59B364F3E814}
	EndGlobalSection
EndGlobal
